
Microsoft Visual Studio Solution File, Format Version 12.00
Project("{FAE04EC0-301F-11D3-BF4B-00C04F79EFBC}") = "OrderService", "OrderService\OrderService.csproj", "{1376381F-8E82-4879-9780-1A18F1036D8C}"
EndProject
Project("{FAE04EC0-301F-11D3-BF4B-00C04F79EFBC}") = "WarehouseService", "WarehouseService\WarehouseService.csproj", "{901BF6DA-3743-4678-BC6F-3A2EDA0225D6}"
EndProject
Global
	GlobalSection(SolutionConfigurationPlatforms) = preSolution
		Debug|Any CPU = Debug|Any CPU
		Release|Any CPU = Release|Any CPU
	EndGlobalSection
	GlobalSection(ProjectConfigurationPlatforms) = postSolution
		{1376381F-8E82-4879-9780-1A18F1036D8C}.Debug|Any CPU.ActiveCfg = Debug|Any CPU
		{1376381F-8E82-4879-9780-1A18F1036D8C}.Debug|Any CPU.Build.0 = Debug|Any CPU
		{1376381F-8E82-4879-9780-1A18F1036D8C}.Release|Any CPU.ActiveCfg = Release|Any CPU
		{1376381F-8E82-4879-9780-1A18F1036D8C}.Release|Any CPU.Build.0 = Release|Any CPU
		{901BF6DA-3743-4678-BC6F-3A2EDA0225D6}.Debug|Any CPU.ActiveCfg = Debug|Any CPU
		{901BF6DA-3743-4678-BC6F-3A2EDA0225D6}.Debug|Any CPU.Build.0 = Debug|Any CPU
		{901BF6DA-3743-4678-BC6F-3A2EDA0225D6}.Release|Any CPU.ActiveCfg = Release|Any CPU
		{901BF6DA-3743-4678-BC6F-3A2EDA0225D6}.Release|Any CPU.Build.0 = Release|Any CPU
	EndGlobalSection
EndGlobal
